// !$*UTF8*$!
{
	archiveVersion = 1;
	classes = {
	};
	objectVersion = 46;
	objects = {

/* Begin PBXBuildFile section */
		433EAD2E19637B2100A6D8D8 /* Foundation.framework in Frameworks */ = {isa = PBXBuildFile; fileRef = 433EAD2D19637B2100A6D8D8 /* Foundation.framework */; };
		433EAD3019637B2100A6D8D8 /* CoreGraphics.framework in Frameworks */ = {isa = PBXBuildFile; fileRef = 433EAD2F19637B2100A6D8D8 /* CoreGraphics.framework */; };
		433EAD3219637B2100A6D8D8 /* UIKit.framework in Frameworks */ = {isa = PBXBuildFile; fileRef = 433EAD3119637B2100A6D8D8 /* UIKit.framework */; };
		433EAD3819637B2200A6D8D8 /* InfoPlist.strings in Resources */ = {isa = PBXBuildFile; fileRef = 433EAD3619637B2200A6D8D8 /* InfoPlist.strings */; };
		433EAD3A19637B2200A6D8D8 /* main.m in Sources */ = {isa = PBXBuildFile; fileRef = 433EAD3919637B2200A6D8D8 /* main.m */; };
		433EAD3E19637B2200A6D8D8 /* AppDelegate.m in Sources */ = {isa = PBXBuildFile; fileRef = 433EAD3D19637B2200A6D8D8 /* AppDelegate.m */; };
		433EAD4119637B2200A6D8D8 /* Main.storyboard in Resources */ = {isa = PBXBuildFile; fileRef = 433EAD3F19637B2200A6D8D8 /* Main.storyboard */; };
		433EAD4419637B2200A6D8D8 /* ViewController.m in Sources */ = {isa = PBXBuildFile; fileRef = 433EAD4319637B2200A6D8D8 /* ViewController.m */; };
		433EAD4619637B2200A6D8D8 /* Images.xcassets in Resources */ = {isa = PBXBuildFile; fileRef = 433EAD4519637B2200A6D8D8 /* Images.xcassets */; };
		433EAD4D19637B2200A6D8D8 /* XCTest.framework in Frameworks */ = {isa = PBXBuildFile; fileRef = 433EAD4C19637B2200A6D8D8 /* XCTest.framework */; };
		433EAD4E19637B2200A6D8D8 /* Foundation.framework in Frameworks */ = {isa = PBXBuildFile; fileRef = 433EAD2D19637B2100A6D8D8 /* Foundation.framework */; };
		433EAD4F19637B2200A6D8D8 /* UIKit.framework in Frameworks */ = {isa = PBXBuildFile; fileRef = 433EAD3119637B2100A6D8D8 /* UIKit.framework */; };
		433EAD5719637B2200A6D8D8 /* InfoPlist.strings in Resources */ = {isa = PBXBuildFile; fileRef = 433EAD5519637B2200A6D8D8 /* InfoPlist.strings */; };
		433EAD5919637B2200A6D8D8 /* Control_FlowTests.m in Sources */ = {isa = PBXBuildFile; fileRef = 433EAD5819637B2200A6D8D8 /* Control_FlowTests.m */; };
/* End PBXBuildFile section */

/* Begin PBXContainerItemProxy section */
		433EAD5019637B2200A6D8D8 /* PBXContainerItemProxy */ = {
			isa = PBXContainerItemProxy;
			containerPortal = 433EAD2219637B2100A6D8D8 /* Project object */;
			proxyType = 1;
			remoteGlobalIDString = 433EAD2919637B2100A6D8D8;
			remoteInfo = "Control Flow";
		};
/* End PBXContainerItemProxy section */

/* Begin PBXFileReference section */
		433EAD2A19637B2100A6D8D8 /* Control Flow.app */ = {isa = PBXFileReference; explicitFileType = wrapper.application; includeInIndex = 0; path = "Control Flow.app"; sourceTree = BUILT_PRODUCTS_DIR; };
		433EAD2D19637B2100A6D8D8 /* Foundation.framework */ = {isa = PBXFileReference; lastKnownFileType = wrapper.framework; name = Foundation.framework; path = System/Library/Frameworks/Foundation.framework; sourceTree = SDKROOT; };
		433EAD2F19637B2100A6D8D8 /* CoreGraphics.framework */ = {isa = PBXFileReference; lastKnownFileType = wrapper.framework; name = CoreGraphics.framework; path = System/Library/Frameworks/CoreGraphics.framework; sourceTree = SDKROOT; };
		433EAD3119637B2100A6D8D8 /* UIKit.framework */ = {isa = PBXFileReference; lastKnownFileType = wrapper.framework; name = UIKit.framework; path = System/Library/Frameworks/UIKit.framework; sourceTree = SDKROOT; };
		433EAD3519637B2200A6D8D8 /* Control Flow-Info.plist */ = {isa = PBXFileReference; lastKnownFileType = text.plist.xml; path = "Control Flow-Info.plist"; sourceTree = "<group>"; };
		433EAD3719637B2200A6D8D8 /* en */ = {isa = PBXFileReference; lastKnownFileType = text.plist.strings; name = en; path = en.lproj/InfoPlist.strings; sourceTree = "<group>"; };
		433EAD3919637B2200A6D8D8 /* main.m */ = {isa = PBXFileReference; lastKnownFileType = sourcecode.c.objc; path = main.m; sourceTree = "<group>"; };
		433EAD3B19637B2200A6D8D8 /* Control Flow-Prefix.pch */ = {isa = PBXFileReference; lastKnownFileType = sourcecode.c.h; path = "Control Flow-Prefix.pch"; sourceTree = "<group>"; };
		433EAD3C19637B2200A6D8D8 /* AppDelegate.h */ = {isa = PBXFileReference; lastKnownFileType = sourcecode.c.h; path = AppDelegate.h; sourceTree = "<group>"; };
		433EAD3D19637B2200A6D8D8 /* AppDelegate.m */ = {isa = PBXFileReference; lastKnownFileType = sourcecode.c.objc; path = AppDelegate.m; sourceTree = "<group>"; };
		433EAD4019637B2200A6D8D8 /* Base */ = {isa = PBXFileReference; lastKnownFileType = file.storyboard; name = Base; path = Base.lproj/Main.storyboard; sourceTree = "<group>"; };
		433EAD4219637B2200A6D8D8 /* ViewController.h */ = {isa = PBXFileReference; lastKnownFileType = sourcecode.c.h; path = ViewController.h; sourceTree = "<group>"; };
		433EAD4319637B2200A6D8D8 /* ViewController.m */ = {isa = PBXFileReference; lastKnownFileType = sourcecode.c.objc; path = ViewController.m; sourceTree = "<group>"; };
		433EAD4519637B2200A6D8D8 /* Images.xcassets */ = {isa = PBXFileReference; lastKnownFileType = folder.assetcatalog; path = Images.xcassets; sourceTree = "<group>"; };
		433EAD4B19637B2200A6D8D8 /* Control FlowTests.xctest */ = {isa = PBXFileReference; explicitFileType = wrapper.cfbundle; includeInIndex = 0; path = "Control FlowTests.xctest"; sourceTree = BUILT_PRODUCTS_DIR; };
		433EAD4C19637B2200A6D8D8 /* XCTest.framework */ = {isa = PBXFileReference; lastKnownFileType = wrapper.framework; name = XCTest.framework; path = Library/Frameworks/XCTest.framework; sourceTree = DEVELOPER_DIR; };
		433EAD5419637B2200A6D8D8 /* Control FlowTests-Info.plist */ = {isa = PBXFileReference; lastKnownFileType = text.plist.xml; path = "Control FlowTests-Info.plist"; sourceTree = "<group>"; };
		433EAD5619637B2200A6D8D8 /* en */ = {isa = PBXFileReference; lastKnownFileType = text.plist.strings; name = en; path = en.lproj/InfoPlist.strings; sourceTree = "<group>"; };
		433EAD5819637B2200A6D8D8 /* Control_FlowTests.m */ = {isa = PBXFileReference; lastKnownFileType = sourcecode.c.objc; path = Control_FlowTests.m; sourceTree = "<group>"; };
/* End PBXFileReference section */

/* Begin PBXFrameworksBuildPhase section */
		433EAD2719637B2100A6D8D8 /* Frameworks */ = {
			isa = PBXFrameworksBuildPhase;
			buildActionMask = 2147483647;
			files = (
				433EAD3019637B2100A6D8D8 /* CoreGraphics.framework in Frameworks */,
				433EAD3219637B2100A6D8D8 /* UIKit.framework in Frameworks */,
				433EAD2E19637B2100A6D8D8 /* Foundation.framework in Frameworks */,
			);
			runOnlyForDeploymentPostprocessing = 0;
		};
		433EAD4819637B2200A6D8D8 /* Frameworks */ = {
			isa = PBXFrameworksBuildPhase;
			buildActionMask = 2147483647;
			files = (
				433EAD4D19637B2200A6D8D8 /* XCTest.framework in Frameworks */,
				433EAD4F19637B2200A6D8D8 /* UIKit.framework in Frameworks */,
				433EAD4E19637B2200A6D8D8 /* Foundation.framework in Frameworks */,
			);
			runOnlyForDeploymentPostprocessing = 0;
		};
/* End PBXFrameworksBuildPhase section */

/* Begin PBXGroup section */
		433EAD2119637B2100A6D8D8 = {
			isa = PBXGroup;
			children = (
				433EAD3319637B2200A6D8D8 /* Control Flow */,
				433EAD5219637B2200A6D8D8 /* Control FlowTests */,
				433EAD2C19637B2100A6D8D8 /* Frameworks */,
				433EAD2B19637B2100A6D8D8 /* Products */,
			);
			sourceTree = "<group>";
		};
		433EAD2B19637B2100A6D8D8 /* Products */ = {
			isa = PBXGroup;
			children = (
				433EAD2A19637B2100A6D8D8 /* Control Flow.app */,
				433EAD4B19637B2200A6D8D8 /* Control FlowTests.xctest */,
			);
			name = Products;
			sourceTree = "<group>";
		};
		433EAD2C19637B2100A6D8D8 /* Frameworks */ = {
			isa = PBXGroup;
			children = (
				433EAD2D19637B2100A6D8D8 /* Foundation.framework */,
				433EAD2F19637B2100A6D8D8 /* CoreGraphics.framework */,
				433EAD3119637B2100A6D8D8 /* UIKit.framework */,
				433EAD4C19637B2200A6D8D8 /* XCTest.framework */,
			);
			name = Frameworks;
			sourceTree = "<group>";
		};
		433EAD3319637B2200A6D8D8 /* Control Flow */ = {
			isa = PBXGroup;
			children = (
				433EAD3C19637B2200A6D8D8 /* AppDelegate.h */,
				433EAD3D19637B2200A6D8D8 /* AppDelegate.m */,
				433EAD3F19637B2200A6D8D8 /* Main.storyboard */,
				433EAD4219637B2200A6D8D8 /* ViewController.h */,
				433EAD4319637B2200A6D8D8 /* ViewController.m */,
				433EAD4519637B2200A6D8D8 /* Images.xcassets */,
				433EAD3419637B2200A6D8D8 /* Supporting Files */,
			);
			path = "Control Flow";
			sourceTree = "<group>";
		};
		433EAD3419637B2200A6D8D8 /* Supporting Files */ = {
			isa = PBXGroup;
			children = (
				433EAD3519637B2200A6D8D8 /* Control Flow-Info.plist */,
				433EAD3619637B2200A6D8D8 /* InfoPlist.strings */,
				433EAD3919637B2200A6D8D8 /* main.m */,
				433EAD3B19637B2200A6D8D8 /* Control Flow-Prefix.pch */,
			);
			name = "Supporting Files";
			sourceTree = "<group>";
		};
		433EAD5219637B2200A6D8D8 /* Control FlowTests */ = {
			isa = PBXGroup;
			children = (
				433EAD5819637B2200A6D8D8 /* Control_FlowTests.m */,
				433EAD5319637B2200A6D8D8 /* Supporting Files */,
			);
			path = "Control FlowTests";
			sourceTree = "<group>";
		};
		433EAD5319637B2200A6D8D8 /* Supporting Files */ = {
			isa = PBXGroup;
			children = (
				433EAD5419637B2200A6D8D8 /* Control FlowTests-Info.plist */,
				433EAD5519637B2200A6D8D8 /* InfoPlist.strings */,
			);
			name = "Supporting Files";
			sourceTree = "<group>";
		};
/* End PBXGroup section */

/* Begin PBXNativeTarget section */
		433EAD2919637B2100A6D8D8 /* Control Flow */ = {
			isa = PBXNativeTarget;
			buildConfigurationList = 433EAD5C19637B2200A6D8D8 /* Build configuration list for PBXNativeTarget "Control Flow" */;
			buildPhases = (
				433EAD2619637B2100A6D8D8 /* Sources */,
				433EAD2719637B2100A6D8D8 /* Frameworks */,
				433EAD2819637B2100A6D8D8 /* Resources */,
			);
			buildRules = (
			);
			dependencies = (
			);
			name = "Control Flow";
			productName = "Control Flow";
			productReference = 433EAD2A19637B2100A6D8D8 /* Control Flow.app */;
			productType = "com.apple.product-type.application";
		};
		433EAD4A19637B2200A6D8D8 /* Control FlowTests */ = {
			isa = PBXNativeTarget;
			buildConfigurationList = 433EAD5F19637B2200A6D8D8 /* Build configuration list for PBXNativeTarget "Control FlowTests" */;
			buildPhases = (
				433EAD4719637B2200A6D8D8 /* Sources */,
				433EAD4819637B2200A6D8D8 /* Frameworks */,
				433EAD4919637B2200A6D8D8 /* Resources */,
			);
			buildRules = (
			);
			dependencies = (
				433EAD5119637B2200A6D8D8 /* PBXTargetDependency */,
			);
			name = "Control FlowTests";
			productName = "Control FlowTests";
			productReference = 433EAD4B19637B2200A6D8D8 /* Control FlowTests.xctest */;
			productType = "com.apple.product-type.bundle.unit-test";
		};
/* End PBXNativeTarget section */

/* Begin PBXProject section */
		433EAD2219637B2100A6D8D8 /* Project object */ = {
			isa = PBXProject;
			attributes = {
				LastUpgradeCheck = 0510;
				ORGANIZATIONNAME = "Perry Gabriel";
				TargetAttributes = {
					433EAD4A19637B2200A6D8D8 = {
						TestTargetID = 433EAD2919637B2100A6D8D8;
					};
				};
			};
			buildConfigurationList = 433EAD2519637B2100A6D8D8 /* Build configuration list for PBXProject "Control Flow" */;
			compatibilityVersion = "Xcode 3.2";
			developmentRegion = English;
			hasScannedForEncodings = 0;
			knownRegions = (
				en,
				Base,
			);
			mainGroup = 433EAD2119637B2100A6D8D8;
			productRefGroup = 433EAD2B19637B2100A6D8D8 /* Products */;
			projectDirPath = "";
			projectRoot = "";
			targets = (
				433EAD2919637B2100A6D8D8 /* Control Flow */,
				433EAD4A19637B2200A6D8D8 /* Control FlowTests */,
			);
		};
/* End PBXProject section */

/* Begin PBXResourcesBuildPhase section */
		433EAD2819637B2100A6D8D8 /* Resources */ = {
			isa = PBXResourcesBuildPhase;
			buildActionMask = 2147483647;
			files = (
				433EAD4619637B2200A6D8D8 /* Images.xcassets in Resources */,
				433EAD3819637B2200A6D8D8 /* InfoPlist.strings in Resources */,
				433EAD4119637B2200A6D8D8 /* Main.storyboard in Resources */,
			);
			runOnlyForDeploymentPostprocessing = 0;
		};
		433EAD4919637B2200A6D8D8 /* Resources */ = {
			isa = PBXResourcesBuildPhase;
			buildActionMask = 2147483647;
			files = (
				433EAD5719637B2200A6D8D8 /* InfoPlist.strings in Resources */,
			);
			runOnlyForDeploymentPostprocessing = 0;
		};
/* End PBXResourcesBuildPhase section */

/* Begin PBXSourcesBuildPhase section */
		433EAD2619637B2100A6D8D8 /* Sources */ = {
			isa = PBXSourcesBuildPhase;
			buildActionMask = 2147483647;
			files = (
				433EAD4419637B2200A6D8D8 /* ViewController.m in Sources */,
				433EAD3E19637B2200A6D8D8 /* AppDelegate.m in Sources */,
				433EAD3A19637B2200A6D8D8 /* main.m in Sources */,
			);
			runOnlyForDeploymentPostprocessing = 0;
		};
		433EAD4719637B2200A6D8D8 /* Sources */ = {
			isa = PBXSourcesBuildPhase;
			buildActionMask = 2147483647;
			files = (
				433EAD5919637B2200A6D8D8 /* Control_FlowTests.m in Sources */,
			);
			runOnlyForDeploymentPostprocessing = 0;
		};
/* End PBXSourcesBuildPhase section */

/* Begin PBXTargetDependency section */
		433EAD5119637B2200A6D8D8 /* PBXTargetDependency */ = {
			isa = PBXTargetDependency;
			target = 433EAD2919637B2100A6D8D8 /* Control Flow */;
			targetProxy = 433EAD5019637B2200A6D8D8 /* PBXContainerItemProxy */;
		};
/* End PBXTargetDependency section */

/* Begin PBXVariantGroup section */
		433EAD3619637B2200A6D8D8 /* InfoPlist.strings */ = {
			isa = PBXVariantGroup;
			children = (
				433EAD3719637B2200A6D8D8 /* en */,
			);
			name = InfoPlist.strings;
			sourceTree = "<group>";
		};
		433EAD3F19637B2200A6D8D8 /* Main.storyboard */ = {
			isa = PBXVariantGroup;
			children = (
				433EAD4019637B2200A6D8D8 /* Base */,
			);
			name = Main.storyboard;
			sourceTree = "<group>";
		};
		433EAD5519637B2200A6D8D8 /* InfoPlist.strings */ = {
			isa = PBXVariantGroup;
			children = (
				433EAD5619637B2200A6D8D8 /* en */,
			);
			name = InfoPlist.strings;
			sourceTree = "<group>";
		};
/* End PBXVariantGroup section */

/* Begin XCBuildConfiguration section */
		433EAD5A19637B2200A6D8D8 /* Debug */ = {
			isa = XCBuildConfiguration;
			buildSettings = {
				ALWAYS_SEARCH_USER_PATHS = NO;
				CLANG_CXX_LANGUAGE_STANDARD = "gnu++0x";
				CLANG_CXX_LIBRARY = "libc++";
				CLANG_ENABLE_MODULES = YES;
				CLANG_ENABLE_OBJC_ARC = YES;
				CLANG_WARN_BOOL_CONVERSION = YES;
				CLANG_WARN_CONSTANT_CONVERSION = YES;
				CLANG_WARN_DIRECT_OBJC_ISA_USAGE = YES_ERROR;
				CLANG_WARN_EMPTY_BODY = YES;
				CLANG_WARN_ENUM_CONVERSION = YES;
				CLANG_WARN_INT_CONVERSION = YES;
				CLANG_WARN_OBJC_ROOT_CLASS = YES_ERROR;
				CLANG_WARN__DUPLICATE_METHOD_MATCH = YES;
				"CODE_SIGN_IDENTITY[sdk=iphoneos*]" = "iPhone Developer";
				COPY_PHASE_STRIP = NO;
				GCC_C_LANGUAGE_STANDARD = gnu99;
				GCC_DYNAMIC_NO_PIC = NO;
				GCC_OPTIMIZATION_LEVEL = 0;
				GCC_PREPROCESSOR_DEFINITIONS = (
					"DEBUG=1",
					"$(inherited)",
				);
				GCC_SYMBOLS_PRIVATE_EXTERN = NO;
				GCC_WARN_64_TO_32_BIT_CONVERSION = YES;
				GCC_WARN_ABOUT_RETURN_TYPE = YES_ERROR;
				GCC_WARN_UNDECLARED_SELECTOR = YES;
				GCC_WARN_UNINITIALIZED_AUTOS = YES_AGGRESSIVE;
				GCC_WARN_UNUSED_FUNCTION = YES;
				GCC_WARN_UNUSED_VARIABLE = YES;
				IPHONEOS_DEPLOYMENT_TARGET = 7.1;
				ONLY_ACTIVE_ARCH = YES;
				SDKROOT = iphoneos;
			};
			name = Debug;
		};
		433EAD5B19637B2200A6D8D8 /* Release */ = {
			isa = XCBuildConfiguration;
			buildSettings = {
				ALWAYS_SEARCH_USER_PATHS = NO;
				CLANG_CXX_LANGUAGE_STANDARD = "gnu++0x";
				CLANG_CXX_LIBRARY = "libc++";
				CLANG_ENABLE_MODULES = YES;
				CLANG_ENABLE_OBJC_ARC = YES;
				CLANG_WARN_BOOL_CONVERSION = YES;
				CLANG_WARN_CONSTANT_CONVERSION = YES;
				CLANG_WARN_DIRECT_OBJC_ISA_USAGE = YES_ERROR;
				CLANG_WARN_EMPTY_BODY = YES;
				CLANG_WARN_ENUM_CONVERSION = YES;
				CLANG_WARN_INT_CONVERSION = YES;
				CLANG_WARN_OBJC_ROOT_CLASS = YES_ERROR;
				CLANG_WARN__DUPLICATE_METHOD_MATCH = YES;
				"CODE_SIGN_IDENTITY[sdk=iphoneos*]" = "iPhone Developer";
				COPY_PHASE_STRIP = YES;
				ENABLE_NS_ASSERTIONS = NO;
				GCC_C_LANGUAGE_STANDARD = gnu99;
				GCC_WARN_64_TO_32_BIT_CONVERSION = YES;
				GCC_WARN_ABOUT_RETURN_TYPE = YES_ERROR;
				GCC_WARN_UNDECLARED_SELECTOR = YES;
				GCC_WARN_UNINITIALIZED_AUTOS = YES_AGGRESSIVE;
				GCC_WARN_UNUSED_FUNCTION = YES;
				GCC_WARN_UNUSED_VARIABLE = YES;
				IPHONEOS_DEPLOYMENT_TARGET = 7.1;
				SDKROOT = iphoneos;
				VALIDATE_PRODUCT = YES;
			};
			name = Release;
		};
		433EAD5D19637B2200A6D8D8 /* Debug */ = {
			isa = XCBuildConfiguration;
			buildSettings = {
				ASSETCATALOG_COMPILER_APPICON_NAME = AppIcon;
				ASSETCATALOG_COMPILER_LAUNCHIMAGE_NAME = LaunchImage;
				GCC_PRECOMPILE_PREFIX_HEADER = YES;
				GCC_PREFIX_HEADER = "Control Flow/Control Flow-Prefix.pch";
				INFOPLIST_FILE = "Control Flow/Control Flow-Info.plist";
				PRODUCT_NAME = "$(TARGET_NAME)";
				WRAPPER_EXTENSION = app;
			};
			name = Debug;
		};
		433EAD5E19637B2200A6D8D8 /* Release */ = {
			isa = XCBuildConfiguration;
			buildSettings = {
				ASSETCATALOG_COMPILER_APPICON_NAME = AppIcon;
				ASSETCATALOG_COMPILER_LAUNCHIMAGE_NAME = LaunchImage;
				GCC_PRECOMPILE_PREFIX_HEADER = YES;
				GCC_PREFIX_HEADER = "Control Flow/Control Flow-Prefix.pch";
				INFOPLIST_FILE = "Control Flow/Control Flow-Info.plist";
				PRODUCT_NAME = "$(TARGET_NAME)";
				WRAPPER_EXTENSION = app;
			};
			name = Release;
		};
		433EAD6019637B2200A6D8D8 /* Debug */ = {
			isa = XCBuildConfiguration;
			buildSettings = {
				BUNDLE_LOADER = "$(BUILT_PRODUCTS_DIR)/Control Flow.app/Control Flow";
				FRAMEWORK_SEARCH_PATHS = (
					"$(SDKROOT)/Developer/Library/Frameworks",
					"$(inherited)",
					"$(DEVELOPER_FRAMEWORKS_DIR)",
				);
				GCC_PRECOMPILE_PREFIX_HEADER = YES;
				GCC_PREFIX_HEADER = "Control Flow/Control Flow-Prefix.pch";
				GCC_PREPROCESSOR_DEFINITIONS = (
					"DEBUG=1",
					"$(inherited)",
				);
				INFOPLIST_FILE = "Control FlowTests/Control FlowTests-Info.plist";
				PRODUCT_NAME = "$(TARGET_NAME)";
				TEST_HOST = "$(BUNDLE_LOADER)";
				WRAPPER_EXTENSION = xctest;
			};
			name = Debug;
		};
		433EAD6119637B2200A6D8D8 /* Release */ = {
			isa = XCBuildConfiguration;
			buildSettings = {
				BUNDLE_LOADER = "$(BUILT_PRODUCTS_DIR)/Control Flow.app/Control Flow";
				FRAMEWORK_SEARCH_PATHS = (
					"$(SDKROOT)/Developer/Library/Frameworks",
					"$(inherited)",
					"$(DEVELOPER_FRAMEWORKS_DIR)",
				);
				GCC_PRECOMPILE_PREFIX_HEADER = YES;
				GCC_PREFIX_HEADER = "Control Flow/Control Flow-Prefix.pch";
				INFOPLIST_FILE = "Control FlowTests/Control FlowTests-Info.plist";
				PRODUCT_NAME = "$(TARGET_NAME)";
				TEST_HOST = "$(BUNDLE_LOADER)";
				WRAPPER_EXTENSION = xctest;
			};
			name = Release;
		};
/* End XCBuildConfiguration section */

/* Begin XCConfigurationList section */
		433EAD2519637B2100A6D8D8 /* Build configuration list for PBXProject "Control Flow" */ = {
			isa = XCConfigurationList;
			buildConfigurations = (
				433EAD5A19637B2200A6D8D8 /* Debug */,
				433EAD5B19637B2200A6D8D8 /* Release */,
			);
			defaultConfigurationIsVisible = 0;
			defaultConfigurationName = Release;
		};
		433EAD5C19637B2200A6D8D8 /* Build configuration list for PBXNativeTarget "Control Flow" */ = {
			isa = XCConfigurationList;
			buildConfigurations = (
				433EAD5D19637B2200A6D8D8 /* Debug */,
				433EAD5E19637B2200A6D8D8 /* Release */,
			);
			defaultConfigurationIsVisible = 0;
		};
		433EAD5F19637B2200A6D8D8 /* Build configuration list for PBXNativeTarget "Control FlowTests" */ = {
			isa = XCConfigurationList;
			buildConfigurations = (
				433EAD6019637B2200A6D8D8 /* Debug */,
				433EAD6119637B2200A6D8D8 /* Release */,
			);
			defaultConfigurationIsVisible = 0;
		};
/* End XCConfigurationList section */
	};
	rootObject = 433EAD2219637B2100A6D8D8 /* Project object */;
}
